// !$*UTF8*$!
{
	archiveVersion = 1;
	classes = {
	};
	objectVersion = 50;
	objects = {

/* Begin PBXAggregateTarget section */
		DD2FBC27258BE8BB00DB3211 /* XCFramework */ = {
			isa = PBXAggregateTarget;
			buildConfigurationList = DD2FBC2A258BE8BB00DB3211 /* Build configuration list for PBXAggregateTarget "XCFramework" */;
			buildPhases = (
				DD2FBC33258BE8C600DB3211 /* Build XCFramework */,
			);
			dependencies = (
			);
			name = XCFramework;
			productName = XCFramework;
		};
		DD86D56423D11C4B0046E63E /* Run SwiftLint */ = {
			isa = PBXAggregateTarget;
			buildConfigurationList = DD86D56523D11C4B0046E63E /* Build configuration list for PBXAggregateTarget "Run SwiftLint" */;
			buildPhases = (
				DD86D56823D11C550046E63E /* Run SwiftLint */,
			);
			dependencies = (
			);
			name = "Run SwiftLint";
			productName = "Run SwiftLint";
		};
/* End PBXAggregateTarget section */

/* Begin PBXBuildFile section */
		DD48BC98270E0DE800D842BC /* ReadWriteLock.framework in Frameworks */ = {isa = PBXBuildFile; fileRef = DD86D5C423D11D140046E63E /* ReadWriteLock.framework */; };
		DD7D53D32726DE2300E9D123 /* ReadWriteAtomic.swift in Sources */ = {isa = PBXBuildFile; fileRef = DD7D53D12726DE2300E9D123 /* ReadWriteAtomic.swift */; };
		DD7D53D42726DE2300E9D123 /* ReadWriteAtomic.swift in Sources */ = {isa = PBXBuildFile; fileRef = DD7D53D12726DE2300E9D123 /* ReadWriteAtomic.swift */; };
		DD7D53D52726DE2300E9D123 /* ReadWriteAtomic.swift in Sources */ = {isa = PBXBuildFile; fileRef = DD7D53D12726DE2300E9D123 /* ReadWriteAtomic.swift */; };
		DD7D53D62726DE2300E9D123 /* ReadWriteAtomic.swift in Sources */ = {isa = PBXBuildFile; fileRef = DD7D53D12726DE2300E9D123 /* ReadWriteAtomic.swift */; };
		DD7D53D72726DE2300E9D123 /* ReadWriteLock.swift in Sources */ = {isa = PBXBuildFile; fileRef = DD7D53D22726DE2300E9D123 /* ReadWriteLock.swift */; };
		DD7D53D82726DE2300E9D123 /* ReadWriteLock.swift in Sources */ = {isa = PBXBuildFile; fileRef = DD7D53D22726DE2300E9D123 /* ReadWriteLock.swift */; };
		DD7D53D92726DE2300E9D123 /* ReadWriteLock.swift in Sources */ = {isa = PBXBuildFile; fileRef = DD7D53D22726DE2300E9D123 /* ReadWriteLock.swift */; };
		DD7D53DA2726DE2300E9D123 /* ReadWriteLock.swift in Sources */ = {isa = PBXBuildFile; fileRef = DD7D53D22726DE2300E9D123 /* ReadWriteLock.swift */; };
		DD7D53DC2726DE3100E9D123 /* ReadWriteLockTests.swift in Sources */ = {isa = PBXBuildFile; fileRef = DD7D53DB2726DE3100E9D123 /* ReadWriteLockTests.swift */; };
		DD7D53DD2726DE3100E9D123 /* ReadWriteLockTests.swift in Sources */ = {isa = PBXBuildFile; fileRef = DD7D53DB2726DE3100E9D123 /* ReadWriteLockTests.swift */; };
		DD7D53DE2726DE3100E9D123 /* ReadWriteLockTests.swift in Sources */ = {isa = PBXBuildFile; fileRef = DD7D53DB2726DE3100E9D123 /* ReadWriteLockTests.swift */; };
		DD7D53DF2726DE3100E9D123 /* ReadWriteLockTests.swift in Sources */ = {isa = PBXBuildFile; fileRef = DD7D53DB2726DE3100E9D123 /* ReadWriteLockTests.swift */; };
		DD7D53E12726EBB200E9D123 /* ReadWriteAtomicTests.swift in Sources */ = {isa = PBXBuildFile; fileRef = DD7D53E02726EBB100E9D123 /* ReadWriteAtomicTests.swift */; };
		DD7D53E22726EBB200E9D123 /* ReadWriteAtomicTests.swift in Sources */ = {isa = PBXBuildFile; fileRef = DD7D53E02726EBB100E9D123 /* ReadWriteAtomicTests.swift */; };
		DD7D53E32726EBB200E9D123 /* ReadWriteAtomicTests.swift in Sources */ = {isa = PBXBuildFile; fileRef = DD7D53E02726EBB100E9D123 /* ReadWriteAtomicTests.swift */; };
		DD7D53E42726EBB200E9D123 /* ReadWriteAtomicTests.swift in Sources */ = {isa = PBXBuildFile; fileRef = DD7D53E02726EBB100E9D123 /* ReadWriteAtomicTests.swift */; };
		DD86D54723D11B3E0046E63E /* ReadWriteLock.framework in Frameworks */ = {isa = PBXBuildFile; fileRef = DD86D53D23D11B3E0046E63E /* ReadWriteLock.framework */; };
		DD86D57923D11C860046E63E /* ReadWriteLock.framework in Frameworks */ = {isa = PBXBuildFile; fileRef = DD86D57023D11C860046E63E /* ReadWriteLock.framework */; };
		DD86D59523D11CA00046E63E /* ReadWriteLock.framework in Frameworks */ = {isa = PBXBuildFile; fileRef = DD86D58C23D11CA00046E63E /* ReadWriteLock.framework */; };
/* End PBXBuildFile section */

/* Begin PBXContainerItemProxy section */
		DD48BC99270E0DE800D842BC /* PBXContainerItemProxy */ = {
			isa = PBXContainerItemProxy;
			containerPortal = DD86D53423D11B3E0046E63E /* Project object */;
			proxyType = 1;
			remoteGlobalIDString = DD86D5C323D11D140046E63E;
			remoteInfo = "ReadWriteLock watchOS";
		};
		DD86D54823D11B3E0046E63E /* PBXContainerItemProxy */ = {
			isa = PBXContainerItemProxy;
			containerPortal = DD86D53423D11B3E0046E63E /* Project object */;
			proxyType = 1;
			remoteGlobalIDString = DD86D53C23D11B3E0046E63E;
			remoteInfo = ReadWriteLock;
		};
		DD86D56923D11C6C0046E63E /* PBXContainerItemProxy */ = {
			isa = PBXContainerItemProxy;
			containerPortal = DD86D53423D11B3E0046E63E /* Project object */;
			proxyType = 1;
			remoteGlobalIDString = DD86D56423D11C4B0046E63E;
			remoteInfo = "Run SwiftLint";
		};
		DD86D57A23D11C860046E63E /* PBXContainerItemProxy */ = {
			isa = PBXContainerItemProxy;
			containerPortal = DD86D53423D11B3E0046E63E /* Project object */;
			proxyType = 1;
			remoteGlobalIDString = DD86D56F23D11C860046E63E;
			remoteInfo = "ReadWriteLock macOS";
		};
		DD86D59623D11CA00046E63E /* PBXContainerItemProxy */ = {
			isa = PBXContainerItemProxy;
			containerPortal = DD86D53423D11B3E0046E63E /* Project object */;
			proxyType = 1;
			remoteGlobalIDString = DD86D58B23D11CA00046E63E;
			remoteInfo = "ReadWriteLock tvOS";
		};
		DD86D5D823D11DC60046E63E /* PBXContainerItemProxy */ = {
			isa = PBXContainerItemProxy;
			containerPortal = DD86D53423D11B3E0046E63E /* Project object */;
			proxyType = 1;
			remoteGlobalIDString = DD86D56423D11C4B0046E63E;
			remoteInfo = "Run SwiftLint";
		};
		DD86D5DA23D11DC90046E63E /* PBXContainerItemProxy */ = {
			isa = PBXContainerItemProxy;
			containerPortal = DD86D53423D11B3E0046E63E /* Project object */;
			proxyType = 1;
			remoteGlobalIDString = DD86D56423D11C4B0046E63E;
			remoteInfo = "Run SwiftLint";
		};
		DD86D5DC23D11DCC0046E63E /* PBXContainerItemProxy */ = {
			isa = PBXContainerItemProxy;
			containerPortal = DD86D53423D11B3E0046E63E /* Project object */;
			proxyType = 1;
			remoteGlobalIDString = DD86D56423D11C4B0046E63E;
			remoteInfo = "Run SwiftLint";
		};
/* End PBXContainerItemProxy section */

/* Begin PBXFileReference section */
		DD17A9F9257744BC00D30599 /* scripts */ = {isa = PBXFileReference; lastKnownFileType = folder; path = scripts; sourceTree = "<group>"; };
		DD48BC94270E0DE800D842BC /* ReadWriteLockTests.xctest */ = {isa = PBXFileReference; explicitFileType = wrapper.cfbundle; includeInIndex = 0; path = ReadWriteLockTests.xctest; sourceTree = BUILT_PRODUCTS_DIR; };
		DD48BC9F270E0F4500D842BC /* ReadWriteLockTests.xctestplan */ = {isa = PBXFileReference; lastKnownFileType = text; path = ReadWriteLockTests.xctestplan; sourceTree = "<group>"; };
		DD48BCA0270E0F9A00D842BC /* ReadWriteLock macOS Tests.xctestplan */ = {isa = PBXFileReference; lastKnownFileType = text; path = "ReadWriteLock macOS Tests.xctestplan"; sourceTree = "<group>"; };
		DD48BCA1270E0FE200D842BC /* ReadWriteLock tvOS Tests.xctestplan */ = {isa = PBXFileReference; lastKnownFileType = text; path = "ReadWriteLock tvOS Tests.xctestplan"; sourceTree = "<group>"; };
		DD48BCA2270E101D00D842BC /* ReadWriteLock watchOS Tests.xctestplan */ = {isa = PBXFileReference; lastKnownFileType = text; path = "ReadWriteLock watchOS Tests.xctestplan"; sourceTree = "<group>"; };
		DD5D044A261FA56400BA0FC2 /* ReadWriteLockTests-Info.plist */ = {isa = PBXFileReference; lastKnownFileType = text.plist.xml; name = "ReadWriteLockTests-Info.plist"; path = "Plists/ReadWriteLockTests-Info.plist"; sourceTree = "<group>"; };
		DD7D53D12726DE2300E9D123 /* ReadWriteAtomic.swift */ = {isa = PBXFileReference; fileEncoding = 4; lastKnownFileType = sourcecode.swift; path = ReadWriteAtomic.swift; sourceTree = "<group>"; };
		DD7D53D22726DE2300E9D123 /* ReadWriteLock.swift */ = {isa = PBXFileReference; fileEncoding = 4; lastKnownFileType = sourcecode.swift; path = ReadWriteLock.swift; sourceTree = "<group>"; };
		DD7D53DB2726DE3100E9D123 /* ReadWriteLockTests.swift */ = {isa = PBXFileReference; fileEncoding = 4; lastKnownFileType = sourcecode.swift; path = ReadWriteLockTests.swift; sourceTree = "<group>"; };
		DD7D53E02726EBB100E9D123 /* ReadWriteAtomicTests.swift */ = {isa = PBXFileReference; fileEncoding = 4; lastKnownFileType = sourcecode.swift; path = ReadWriteAtomicTests.swift; sourceTree = "<group>"; };
		DD86D53D23D11B3E0046E63E /* ReadWriteLock.framework */ = {isa = PBXFileReference; explicitFileType = wrapper.framework; includeInIndex = 0; path = ReadWriteLock.framework; sourceTree = BUILT_PRODUCTS_DIR; };
		DD86D54123D11B3E0046E63E /* ReadWriteLock-Info.plist */ = {isa = PBXFileReference; lastKnownFileType = text.plist.xml; name = "ReadWriteLock-Info.plist"; path = "Plists/ReadWriteLock-Info.plist"; sourceTree = "<group>"; };
		DD86D54623D11B3E0046E63E /* ReadWriteLockTests.xctest */ = {isa = PBXFileReference; explicitFileType = wrapper.cfbundle; includeInIndex = 0; path = ReadWriteLockTests.xctest; sourceTree = BUILT_PRODUCTS_DIR; };
		DD86D57023D11C860046E63E /* ReadWriteLock.framework */ = {isa = PBXFileReference; explicitFileType = wrapper.framework; includeInIndex = 0; path = ReadWriteLock.framework; sourceTree = BUILT_PRODUCTS_DIR; };
		DD86D57823D11C860046E63E /* ReadWriteLockTests.xctest */ = {isa = PBXFileReference; explicitFileType = wrapper.cfbundle; includeInIndex = 0; path = ReadWriteLockTests.xctest; sourceTree = BUILT_PRODUCTS_DIR; };
		DD86D58C23D11CA00046E63E /* ReadWriteLock.framework */ = {isa = PBXFileReference; explicitFileType = wrapper.framework; includeInIndex = 0; path = ReadWriteLock.framework; sourceTree = BUILT_PRODUCTS_DIR; };
		DD86D59423D11CA00046E63E /* ReadWriteLockTests.xctest */ = {isa = PBXFileReference; explicitFileType = wrapper.cfbundle; includeInIndex = 0; path = ReadWriteLockTests.xctest; sourceTree = BUILT_PRODUCTS_DIR; };
		DD86D5C423D11D140046E63E /* ReadWriteLock.framework */ = {isa = PBXFileReference; explicitFileType = wrapper.framework; includeInIndex = 0; path = ReadWriteLock.framework; sourceTree = BUILT_PRODUCTS_DIR; };
		DD86D5DE23D22DB90046E63E /* LICENSE */ = {isa = PBXFileReference; lastKnownFileType = text; path = LICENSE; sourceTree = SOURCE_ROOT; };
		DD86D5DF23D22DB90046E63E /* Package.swift */ = {isa = PBXFileReference; lastKnownFileType = sourcecode.swift; path = Package.swift; sourceTree = SOURCE_ROOT; };
		DD86D5E023D22DB90046E63E /* ReadWriteLock.podspec */ = {isa = PBXFileReference; explicitFileType = text.script.ruby; path = ReadWriteLock.podspec; sourceTree = SOURCE_ROOT; };
		DD86D5E123D22DB90046E63E /* README.md */ = {isa = PBXFileReference; lastKnownFileType = net.daringfireball.markdown; path = README.md; sourceTree = SOURCE_ROOT; };
		DD86D5E323D22DC30046E63E /* .swiftlint.yml */ = {isa = PBXFileReference; lastKnownFileType = text.yaml; path = .swiftlint.yml; sourceTree = SOURCE_ROOT; };
		DDA26DBD256EA4D700E1C6D7 /* workflows */ = {isa = PBXFileReference; lastKnownFileType = folder; name = workflows; path = .github/workflows; sourceTree = "<group>"; };
		DDB1DE5C2405EEE300C20FED /* codecov.yml */ = {isa = PBXFileReference; lastKnownFileType = text.yaml; path = codecov.yml; sourceTree = "<group>"; };
/* End PBXFileReference section */

/* Begin PBXFrameworksBuildPhase section */
		DD48BC91270E0DE800D842BC /* Frameworks */ = {
			isa = PBXFrameworksBuildPhase;
			buildActionMask = 2147483647;
			files = (
				DD48BC98270E0DE800D842BC /* ReadWriteLock.framework in Frameworks */,
			);
			runOnlyForDeploymentPostprocessing = 0;
		};
		DD86D53A23D11B3E0046E63E /* Frameworks */ = {
			isa = PBXFrameworksBuildPhase;
			buildActionMask = 2147483647;
			files = (
			);
			runOnlyForDeploymentPostprocessing = 0;
		};
		DD86D54323D11B3E0046E63E /* Frameworks */ = {
			isa = PBXFrameworksBuildPhase;
			buildActionMask = 2147483647;
			files = (
				DD86D54723D11B3E0046E63E /* ReadWriteLock.framework in Frameworks */,
			);
			runOnlyForDeploymentPostprocessing = 0;
		};
		DD86D56D23D11C860046E63E /* Frameworks */ = {
			isa = PBXFrameworksBuildPhase;
			buildActionMask = 2147483647;
			files = (
			);
			runOnlyForDeploymentPostprocessing = 0;
		};
		DD86D57523D11C860046E63E /* Frameworks */ = {
			isa = PBXFrameworksBuildPhase;
			buildActionMask = 2147483647;
			files = (
				DD86D57923D11C860046E63E /* ReadWriteLock.framework in Frameworks */,
			);
			runOnlyForDeploymentPostprocessing = 0;
		};
		DD86D58923D11CA00046E63E /* Frameworks */ = {
			isa = PBXFrameworksBuildPhase;
			buildActionMask = 2147483647;
			files = (
			);
			runOnlyForDeploymentPostprocessing = 0;
		};
		DD86D59123D11CA00046E63E /* Frameworks */ = {
			isa = PBXFrameworksBuildPhase;
			buildActionMask = 2147483647;
			files = (
				DD86D59523D11CA00046E63E /* ReadWriteLock.framework in Frameworks */,
			);
			runOnlyForDeploymentPostprocessing = 0;
		};
		DD86D5C123D11D140046E63E /* Frameworks */ = {
			isa = PBXFrameworksBuildPhase;
			buildActionMask = 2147483647;
			files = (
			);
			runOnlyForDeploymentPostprocessing = 0;
		};
/* End PBXFrameworksBuildPhase section */

/* Begin PBXGroup section */
		DD48BC9E270E0F1300D842BC /* Test Plans */ = {
			isa = PBXGroup;
			children = (
				DD48BC9F270E0F4500D842BC /* ReadWriteLockTests.xctestplan */,
				DD48BCA0270E0F9A00D842BC /* ReadWriteLock macOS Tests.xctestplan */,
				DD48BCA1270E0FE200D842BC /* ReadWriteLock tvOS Tests.xctestplan */,
				DD48BCA2270E101D00D842BC /* ReadWriteLock watchOS Tests.xctestplan */,
			);
			path = "Test Plans";
			sourceTree = "<group>";
		};
		DD5D04E52621361600BA0FC2 /* ReadWriteLock */ = {
			isa = PBXGroup;
			children = (
				DD7D53D12726DE2300E9D123 /* ReadWriteAtomic.swift */,
				DD7D53D22726DE2300E9D123 /* ReadWriteLock.swift */,
			);
			path = ReadWriteLock;
			sourceTree = "<group>";
		};
		DD5D04F22621362400BA0FC2 /* ReadWriteLockTests */ = {
			isa = PBXGroup;
			children = (
				DD7D53E02726EBB100E9D123 /* ReadWriteAtomicTests.swift */,
				DD7D53DB2726DE3100E9D123 /* ReadWriteLockTests.swift */,
			);
			path = ReadWriteLockTests;
			sourceTree = "<group>";
		};
		DD86D53323D11B3E0046E63E = {
			isa = PBXGroup;
			children = (
				DD86D53F23D11B3E0046E63E /* ReadWriteLock */,
				DD86D53E23D11B3E0046E63E /* Products */,
			);
			sourceTree = "<group>";
		};
		DD86D53E23D11B3E0046E63E /* Products */ = {
			isa = PBXGroup;
			children = (
				DD86D53D23D11B3E0046E63E /* ReadWriteLock.framework */,
				DD86D54623D11B3E0046E63E /* ReadWriteLockTests.xctest */,
				DD86D57023D11C860046E63E /* ReadWriteLock.framework */,
				DD86D57823D11C860046E63E /* ReadWriteLockTests.xctest */,
				DD86D58C23D11CA00046E63E /* ReadWriteLock.framework */,
				DD86D59423D11CA00046E63E /* ReadWriteLockTests.xctest */,
				DD86D5C423D11D140046E63E /* ReadWriteLock.framework */,
				DD48BC94270E0DE800D842BC /* ReadWriteLockTests.xctest */,
			);
			name = Products;
			sourceTree = "<group>";
		};
		DD86D53F23D11B3E0046E63E /* ReadWriteLock */ = {
			isa = PBXGroup;
			children = (
				DDB1DE252405EE5F00C20FED /* Sources */,
				DDB1DE502405EE9900C20FED /* Tests */,
				DD86D55B23D11BA80046E63E /* Supporting Files */,
			);
			name = ReadWriteLock;
			sourceTree = "<group>";
		};
		DD86D55B23D11BA80046E63E /* Supporting Files */ = {
			isa = PBXGroup;
			children = (
				DD17A9F9257744BC00D30599 /* scripts */,
				DDA26DBD256EA4D700E1C6D7 /* workflows */,
				DD86D5E023D22DB90046E63E /* ReadWriteLock.podspec */,
				DD86D5DF23D22DB90046E63E /* Package.swift */,
				DDB1DE5C2405EEE300C20FED /* codecov.yml */,
				DD86D5E323D22DC30046E63E /* .swiftlint.yml */,
				DD86D5E123D22DB90046E63E /* README.md */,
				DD86D5DE23D22DB90046E63E /* LICENSE */,
				DD86D54123D11B3E0046E63E /* ReadWriteLock-Info.plist */,
				DD5D044A261FA56400BA0FC2 /* ReadWriteLockTests-Info.plist */,
			);
			name = "Supporting Files";
			sourceTree = "<group>";
		};
		DDB1DE252405EE5F00C20FED /* Sources */ = {
			isa = PBXGroup;
			children = (
				DD5D04E52621361600BA0FC2 /* ReadWriteLock */,
			);
			path = Sources;
			sourceTree = "<group>";
		};
		DDB1DE502405EE9900C20FED /* Tests */ = {
			isa = PBXGroup;
			children = (
				DD5D04F22621362400BA0FC2 /* ReadWriteLockTests */,
				DD48BC9E270E0F1300D842BC /* Test Plans */,
			);
			path = Tests;
			sourceTree = "<group>";
		};
/* End PBXGroup section */

/* Begin PBXHeadersBuildPhase section */
		DD86D53823D11B3E0046E63E /* Headers */ = {
			isa = PBXHeadersBuildPhase;
			buildActionMask = 2147483647;
			files = (
			);
			runOnlyForDeploymentPostprocessing = 0;
		};
		DD86D56B23D11C860046E63E /* Headers */ = {
			isa = PBXHeadersBuildPhase;
			buildActionMask = 2147483647;
			files = (
			);
			runOnlyForDeploymentPostprocessing = 0;
		};
		DD86D58723D11CA00046E63E /* Headers */ = {
			isa = PBXHeadersBuildPhase;
			buildActionMask = 2147483647;
			files = (
			);
			runOnlyForDeploymentPostprocessing = 0;
		};
		DD86D5BF23D11D140046E63E /* Headers */ = {
			isa = PBXHeadersBuildPhase;
			buildActionMask = 2147483647;
			files = (
			);
			runOnlyForDeploymentPostprocessing = 0;
		};
/* End PBXHeadersBuildPhase section */

/* Begin PBXNativeTarget section */
		DD48BC93270E0DE800D842BC /* ReadWriteLock watchOS Tests */ = {
			isa = PBXNativeTarget;
			buildConfigurationList = DD48BC9D270E0DE800D842BC /* Build configuration list for PBXNativeTarget "ReadWriteLock watchOS Tests" */;
			buildPhases = (
				DD48BC90270E0DE800D842BC /* Sources */,
				DD48BC91270E0DE800D842BC /* Frameworks */,
				DD48BC92270E0DE800D842BC /* Resources */,
			);
			buildRules = (
			);
			dependencies = (
				DD48BC9A270E0DE800D842BC /* PBXTargetDependency */,
			);
			name = "ReadWriteLock watchOS Tests";
			productName = "ReadWriteLock watchOS Tests";
			productReference = DD48BC94270E0DE800D842BC /* ReadWriteLockTests.xctest */;
			productType = "com.apple.product-type.bundle.unit-test";
		};
		DD86D53C23D11B3E0046E63E /* ReadWriteLock */ = {
			isa = PBXNativeTarget;
			buildConfigurationList = DD86D55123D11B3E0046E63E /* Build configuration list for PBXNativeTarget "ReadWriteLock" */;
			buildPhases = (
				DD86D53823D11B3E0046E63E /* Headers */,
				DD86D53923D11B3E0046E63E /* Sources */,
				DD86D53A23D11B3E0046E63E /* Frameworks */,
				DD86D53B23D11B3E0046E63E /* Resources */,
			);
			buildRules = (
			);
			dependencies = (
				DD86D56A23D11C6C0046E63E /* PBXTargetDependency */,
			);
			name = ReadWriteLock;
			productName = ReadWriteLock;
			productReference = DD86D53D23D11B3E0046E63E /* ReadWriteLock.framework */;
			productType = "com.apple.product-type.framework";
		};
		DD86D54523D11B3E0046E63E /* ReadWriteLockTests */ = {
			isa = PBXNativeTarget;
			buildConfigurationList = DD86D55423D11B3E0046E63E /* Build configuration list for PBXNativeTarget "ReadWriteLockTests" */;
			buildPhases = (
				DD86D54223D11B3E0046E63E /* Sources */,
				DD86D54323D11B3E0046E63E /* Frameworks */,
				DD86D54423D11B3E0046E63E /* Resources */,
			);
			buildRules = (
			);
			dependencies = (
				DD86D54923D11B3E0046E63E /* PBXTargetDependency */,
			);
			name = ReadWriteLockTests;
			productName = ReadWriteLockTests;
			productReference = DD86D54623D11B3E0046E63E /* ReadWriteLockTests.xctest */;
			productType = "com.apple.product-type.bundle.unit-test";
		};
		DD86D56F23D11C860046E63E /* ReadWriteLock macOS */ = {
			isa = PBXNativeTarget;
			buildConfigurationList = DD86D58123D11C870046E63E /* Build configuration list for PBXNativeTarget "ReadWriteLock macOS" */;
			buildPhases = (
				DD86D56B23D11C860046E63E /* Headers */,
				DD86D56C23D11C860046E63E /* Sources */,
				DD86D56D23D11C860046E63E /* Frameworks */,
				DD86D56E23D11C860046E63E /* Resources */,
			);
			buildRules = (
			);
			dependencies = (
				DD86D5D923D11DC60046E63E /* PBXTargetDependency */,
			);
			name = "ReadWriteLock macOS";
			productName = "ReadWriteLock macOS";
			productReference = DD86D57023D11C860046E63E /* ReadWriteLock.framework */;
			productType = "com.apple.product-type.framework";
		};
		DD86D57723D11C860046E63E /* ReadWriteLock macOS Tests */ = {
			isa = PBXNativeTarget;
			buildConfigurationList = DD86D58423D11C870046E63E /* Build configuration list for PBXNativeTarget "ReadWriteLock macOS Tests" */;
			buildPhases = (
				DD86D57423D11C860046E63E /* Sources */,
				DD86D57523D11C860046E63E /* Frameworks */,
				DD86D57623D11C860046E63E /* Resources */,
			);
			buildRules = (
			);
			dependencies = (
				DD86D57B23D11C860046E63E /* PBXTargetDependency */,
			);
			name = "ReadWriteLock macOS Tests";
			productName = "ReadWriteLock macOSTests";
			productReference = DD86D57823D11C860046E63E /* ReadWriteLockTests.xctest */;
			productType = "com.apple.product-type.bundle.unit-test";
		};
		DD86D58B23D11CA00046E63E /* ReadWriteLock tvOS */ = {
			isa = PBXNativeTarget;
			buildConfigurationList = DD86D59D23D11CA00046E63E /* Build configuration list for PBXNativeTarget "ReadWriteLock tvOS" */;
			buildPhases = (
				DD86D58723D11CA00046E63E /* Headers */,
				DD86D58823D11CA00046E63E /* Sources */,
				DD86D58923D11CA00046E63E /* Frameworks */,
				DD86D58A23D11CA00046E63E /* Resources */,
			);
			buildRules = (
			);
			dependencies = (
				DD86D5DB23D11DC90046E63E /* PBXTargetDependency */,
			);
			name = "ReadWriteLock tvOS";
			productName = "ReadWriteLock tvOS";
			productReference = DD86D58C23D11CA00046E63E /* ReadWriteLock.framework */;
			productType = "com.apple.product-type.framework";
		};
		DD86D59323D11CA00046E63E /* ReadWriteLock tvOS Tests */ = {
			isa = PBXNativeTarget;
			buildConfigurationList = DD86D5A023D11CA00046E63E /* Build configuration list for PBXNativeTarget "ReadWriteLock tvOS Tests" */;
			buildPhases = (
				DD86D59023D11CA00046E63E /* Sources */,
				DD86D59123D11CA00046E63E /* Frameworks */,
				DD86D59223D11CA00046E63E /* Resources */,
			);
			buildRules = (
			);
			dependencies = (
				DD86D59723D11CA00046E63E /* PBXTargetDependency */,
			);
			name = "ReadWriteLock tvOS Tests";
			productName = "ReadWriteLock tvOSTests";
			productReference = DD86D59423D11CA00046E63E /* ReadWriteLockTests.xctest */;
			productType = "com.apple.product-type.bundle.unit-test";
		};
		DD86D5C323D11D140046E63E /* ReadWriteLock watchOS */ = {
			isa = PBXNativeTarget;
			buildConfigurationList = DD86D5C923D11D140046E63E /* Build configuration list for PBXNativeTarget "ReadWriteLock watchOS" */;
			buildPhases = (
				DD86D5BF23D11D140046E63E /* Headers */,
				DD86D5C023D11D140046E63E /* Sources */,
				DD86D5C123D11D140046E63E /* Frameworks */,
				DD86D5C223D11D140046E63E /* Resources */,
			);
			buildRules = (
			);
			dependencies = (
				DD86D5DD23D11DCC0046E63E /* PBXTargetDependency */,
			);
			name = "ReadWriteLock watchOS";
			productName = "ReadWriteLock watchOS";
			productReference = DD86D5C423D11D140046E63E /* ReadWriteLock.framework */;
			productType = "com.apple.product-type.framework";
		};
/* End PBXNativeTarget section */

/* Begin PBXProject section */
		DD86D53423D11B3E0046E63E /* Project object */ = {
			isa = PBXProject;
			attributes = {
				LastSwiftUpdateCheck = 1300;
				LastUpgradeCheck = 1300;
				ORGANIZATIONNAME = SomeRandomiOSDev;
				TargetAttributes = {
					DD2FBC27258BE8BB00DB3211 = {
						CreatedOnToolsVersion = 13.0;
						LastSwiftMigration = 1300;
					};
					DD48BC93270E0DE800D842BC = {
						CreatedOnToolsVersion = 13.0;
						LastSwiftMigration = 1300;
					};
					DD86D53C23D11B3E0046E63E = {
						CreatedOnToolsVersion = 13.0;
						LastSwiftMigration = 1300;
					};
					DD86D54523D11B3E0046E63E = {
						CreatedOnToolsVersion = 13.0;
						LastSwiftMigration = 1300;
					};
					DD86D56423D11C4B0046E63E = {
						CreatedOnToolsVersion = 13.0;
						LastSwiftMigration = 1300;
					};
					DD86D56F23D11C860046E63E = {
						CreatedOnToolsVersion = 13.0;
						LastSwiftMigration = 1300;
					};
					DD86D57723D11C860046E63E = {
						CreatedOnToolsVersion = 13.0;
						LastSwiftMigration = 1300;
					};
					DD86D58B23D11CA00046E63E = {
						CreatedOnToolsVersion = 13.0;
						LastSwiftMigration = 1300;
					};
					DD86D59323D11CA00046E63E = {
						CreatedOnToolsVersion = 13.0;
						LastSwiftMigration = 1300;
					};
					DD86D5C323D11D140046E63E = {
						CreatedOnToolsVersion = 13.0;
						LastSwiftMigration = 1300;
					};
				};
			};
			buildConfigurationList = DD86D53723D11B3E0046E63E /* Build configuration list for PBXProject "ReadWriteLock" */;
			compatibilityVersion = "Xcode 9.3";
			developmentRegion = en;
			hasScannedForEncodings = 0;
			knownRegions = (
				en,
				Base,
			);
			mainGroup = DD86D53323D11B3E0046E63E;
			productRefGroup = DD86D53E23D11B3E0046E63E /* Products */;
			projectDirPath = "";
			projectRoot = "";
			targets = (
				DD86D53C23D11B3E0046E63E /* ReadWriteLock */,
				DD86D54523D11B3E0046E63E /* ReadWriteLockTests */,
				DD86D56F23D11C860046E63E /* ReadWriteLock macOS */,
				DD86D57723D11C860046E63E /* ReadWriteLock macOS Tests */,
				DD86D58B23D11CA00046E63E /* ReadWriteLock tvOS */,
				DD86D59323D11CA00046E63E /* ReadWriteLock tvOS Tests */,
				DD86D5C323D11D140046E63E /* ReadWriteLock watchOS */,
				DD48BC93270E0DE800D842BC /* ReadWriteLock watchOS Tests */,
				DD86D56423D11C4B0046E63E /* Run SwiftLint */,
				DD2FBC27258BE8BB00DB3211 /* XCFramework */,
			);
		};
/* End PBXProject section */

/* Begin PBXResourcesBuildPhase section */
		DD48BC92270E0DE800D842BC /* Resources */ = {
			isa = PBXResourcesBuildPhase;
			buildActionMask = 2147483647;
			files = (
			);
			runOnlyForDeploymentPostprocessing = 0;
		};
		DD86D53B23D11B3E0046E63E /* Resources */ = {
			isa = PBXResourcesBuildPhase;
			buildActionMask = 2147483647;
			files = (
			);
			runOnlyForDeploymentPostprocessing = 0;
		};
		DD86D54423D11B3E0046E63E /* Resources */ = {
			isa = PBXResourcesBuildPhase;
			buildActionMask = 2147483647;
			files = (
			);
			runOnlyForDeploymentPostprocessing = 0;
		};
		DD86D56E23D11C860046E63E /* Resources */ = {
			isa = PBXResourcesBuildPhase;
			buildActionMask = 2147483647;
			files = (
			);
			runOnlyForDeploymentPostprocessing = 0;
		};
		DD86D57623D11C860046E63E /* Resources */ = {
			isa = PBXResourcesBuildPhase;
			buildActionMask = 2147483647;
			files = (
			);
			runOnlyForDeploymentPostprocessing = 0;
		};
		DD86D58A23D11CA00046E63E /* Resources */ = {
			isa = PBXResourcesBuildPhase;
			buildActionMask = 2147483647;
			files = (
			);
			runOnlyForDeploymentPostprocessing = 0;
		};
		DD86D59223D11CA00046E63E /* Resources */ = {
			isa = PBXResourcesBuildPhase;
			buildActionMask = 2147483647;
			files = (
			);
			runOnlyForDeploymentPostprocessing = 0;
		};
		DD86D5C223D11D140046E63E /* Resources */ = {
			isa = PBXResourcesBuildPhase;
			buildActionMask = 2147483647;
			files = (
			);
			runOnlyForDeploymentPostprocessing = 0;
		};
/* End PBXResourcesBuildPhase section */

/* Begin PBXShellScriptBuildPhase section */
		DD2FBC33258BE8C600DB3211 /* Build XCFramework */ = {
			isa = PBXShellScriptBuildPhase;
			buildActionMask = 2147483647;
			files = (
			);
			inputFileListPaths = (
			);
			inputPaths = (
			);
			name = "Build XCFramework";
			outputFileListPaths = (
			);
			outputPaths = (
			);
			runOnlyForDeploymentPostprocessing = 0;
			shellPath = /bin/sh;
			shellScript = "${PROJECT_DIR}/scripts/xcframework.sh -configuration ${CONFIGURATION} -output \"${BUILD_DIR}/${CONFIGURATION}-universal/ReadWriteLock.xcframework\" \n";
		};
		DD86D56823D11C550046E63E /* Run SwiftLint */ = {
			isa = PBXShellScriptBuildPhase;
			buildActionMask = 2147483647;
			files = (
			);
			inputFileListPaths = (
			);
			inputPaths = (
			);
			name = "Run SwiftLint";
			outputFileListPaths = (
			);
			outputPaths = (
			);
			runOnlyForDeploymentPostprocessing = 0;
			shellPath = /bin/sh;
			shellScript = "if which swiftlint >/dev/null; then\n    swiftlint\nelse\n    echo \"warning: SwiftLint not installed, download from https://github.com/realm/SwiftLint\"\nfi\n";
		};
/* End PBXShellScriptBuildPhase section */

/* Begin PBXSourcesBuildPhase section */
		DD48BC90270E0DE800D842BC /* Sources */ = {
			isa = PBXSourcesBuildPhase;
			buildActionMask = 2147483647;
			files = (
				DD7D53E42726EBB200E9D123 /* ReadWriteAtomicTests.swift in Sources */,
				DD7D53DF2726DE3100E9D123 /* ReadWriteLockTests.swift in Sources */,
			);
			runOnlyForDeploymentPostprocessing = 0;
		};
		DD86D53923D11B3E0046E63E /* Sources */ = {
			isa = PBXSourcesBuildPhase;
			buildActionMask = 2147483647;
			files = (
				DD7D53D72726DE2300E9D123 /* ReadWriteLock.swift in Sources */,
				DD7D53D32726DE2300E9D123 /* ReadWriteAtomic.swift in Sources */,
			);
			runOnlyForDeploymentPostprocessing = 0;
		};
		DD86D54223D11B3E0046E63E /* Sources */ = {
			isa = PBXSourcesBuildPhase;
			buildActionMask = 2147483647;
			files = (
				DD7D53E12726EBB200E9D123 /* ReadWriteAtomicTests.swift in Sources */,
				DD7D53DC2726DE3100E9D123 /* ReadWriteLockTests.swift in Sources */,
			);
			runOnlyForDeploymentPostprocessing = 0;
		};
		DD86D56C23D11C860046E63E /* Sources */ = {
			isa = PBXSourcesBuildPhase;
			buildActionMask = 2147483647;
			files = (
				DD7D53D82726DE2300E9D123 /* ReadWriteLock.swift in Sources */,
				DD7D53D42726DE2300E9D123 /* ReadWriteAtomic.swift in Sources */,
			);
			runOnlyForDeploymentPostprocessing = 0;
		};
		DD86D57423D11C860046E63E /* Sources */ = {
			isa = PBXSourcesBuildPhase;
			buildActionMask = 2147483647;
			files = (
				DD7D53E22726EBB200E9D123 /* ReadWriteAtomicTests.swift in Sources */,
				DD7D53DD2726DE3100E9D123 /* ReadWriteLockTests.swift in Sources */,
			);
			runOnlyForDeploymentPostprocessing = 0;
		};
		DD86D58823D11CA00046E63E /* Sources */ = {
			isa = PBXSourcesBuildPhase;
			buildActionMask = 2147483647;
			files = (
				DD7D53D92726DE2300E9D123 /* ReadWriteLock.swift in Sources */,
				DD7D53D52726DE2300E9D123 /* ReadWriteAtomic.swift in Sources */,
			);
			runOnlyForDeploymentPostprocessing = 0;
		};
		DD86D59023D11CA00046E63E /* Sources */ = {
			isa = PBXSourcesBuildPhase;
			buildActionMask = 2147483647;
			files = (
				DD7D53E32726EBB200E9D123 /* ReadWriteAtomicTests.swift in Sources */,
				DD7D53DE2726DE3100E9D123 /* ReadWriteLockTests.swift in Sources */,
			);
			runOnlyForDeploymentPostprocessing = 0;
		};
		DD86D5C023D11D140046E63E /* Sources */ = {
			isa = PBXSourcesBuildPhase;
			buildActionMask = 2147483647;
			files = (
				DD7D53DA2726DE2300E9D123 /* ReadWriteLock.swift in Sources */,
				DD7D53D62726DE2300E9D123 /* ReadWriteAtomic.swift in Sources */,
			);
			runOnlyForDeploymentPostprocessing = 0;
		};
/* End PBXSourcesBuildPhase section */

/* Begin PBXTargetDependency section */
		DD48BC9A270E0DE800D842BC /* PBXTargetDependency */ = {
			isa = PBXTargetDependency;
			target = DD86D5C323D11D140046E63E /* ReadWriteLock watchOS */;
			targetProxy = DD48BC99270E0DE800D842BC /* PBXContainerItemProxy */;
		};
		DD86D54923D11B3E0046E63E /* PBXTargetDependency */ = {
			isa = PBXTargetDependency;
			target = DD86D53C23D11B3E0046E63E /* ReadWriteLock */;
			targetProxy = DD86D54823D11B3E0046E63E /* PBXContainerItemProxy */;
		};
		DD86D56A23D11C6C0046E63E /* PBXTargetDependency */ = {
			isa = PBXTargetDependency;
			target = DD86D56423D11C4B0046E63E /* Run SwiftLint */;
			targetProxy = DD86D56923D11C6C0046E63E /* PBXContainerItemProxy */;
		};
		DD86D57B23D11C860046E63E /* PBXTargetDependency */ = {
			isa = PBXTargetDependency;
			target = DD86D56F23D11C860046E63E /* ReadWriteLock macOS */;
			targetProxy = DD86D57A23D11C860046E63E /* PBXContainerItemProxy */;
		};
		DD86D59723D11CA00046E63E /* PBXTargetDependency */ = {
			isa = PBXTargetDependency;
			target = DD86D58B23D11CA00046E63E /* ReadWriteLock tvOS */;
			targetProxy = DD86D59623D11CA00046E63E /* PBXContainerItemProxy */;
		};
		DD86D5D923D11DC60046E63E /* PBXTargetDependency */ = {
			isa = PBXTargetDependency;
			target = DD86D56423D11C4B0046E63E /* Run SwiftLint */;
			targetProxy = DD86D5D823D11DC60046E63E /* PBXContainerItemProxy */;
		};
		DD86D5DB23D11DC90046E63E /* PBXTargetDependency */ = {
			isa = PBXTargetDependency;
			target = DD86D56423D11C4B0046E63E /* Run SwiftLint */;
			targetProxy = DD86D5DA23D11DC90046E63E /* PBXContainerItemProxy */;
		};
		DD86D5DD23D11DCC0046E63E /* PBXTargetDependency */ = {
			isa = PBXTargetDependency;
			target = DD86D56423D11C4B0046E63E /* Run SwiftLint */;
			targetProxy = DD86D5DC23D11DCC0046E63E /* PBXContainerItemProxy */;
		};
/* End PBXTargetDependency section */

/* Begin XCBuildConfiguration section */
		DD2FBC28258BE8BB00DB3211 /* Debug */ = {
			isa = XCBuildConfiguration;
			buildSettings = {
				CODE_SIGN_STYLE = Automatic;
				PRODUCT_NAME = "$(TARGET_NAME)";
			};
			name = Debug;
		};
		DD2FBC29258BE8BB00DB3211 /* Release */ = {
			isa = XCBuildConfiguration;
			buildSettings = {
				CODE_SIGN_STYLE = Automatic;
				PRODUCT_NAME = "$(TARGET_NAME)";
			};
			name = Release;
		};
		DD48BC9B270E0DE800D842BC /* Debug */ = {
			isa = XCBuildConfiguration;
			buildSettings = {
				ALWAYS_EMBED_SWIFT_STANDARD_LIBRARIES = YES;
				CLANG_CXX_LANGUAGE_STANDARD = "gnu++17";
				CLANG_ENABLE_MODULES = YES;
				CODE_SIGN_IDENTITY = "";
				CODE_SIGN_STYLE = Automatic;
				INFOPLIST_FILE = "Plists/ReadWriteLockTests-Info.plist";
				LD_RUNPATH_SEARCH_PATHS = (
					"$(inherited)",
					"@executable_path/Frameworks",
					"@loader_path/Frameworks",
				);
				PRODUCT_BUNDLE_IDENTIFIER = com.somerandomiosdev.readwritelocktests;
				PRODUCT_NAME = ReadWriteLockTests;
				SDKROOT = watchos;
				SWIFT_EMIT_LOC_STRINGS = NO;
				SWIFT_OPTIMIZATION_LEVEL = "-Onone";
				SWIFT_VERSION = 5.0;
				TARGETED_DEVICE_FAMILY = 4;
			};
			name = Debug;
		};
		DD48BC9C270E0DE800D842BC /* Release */ = {
			isa = XCBuildConfiguration;
			buildSettings = {
				ALWAYS_EMBED_SWIFT_STANDARD_LIBRARIES = YES;
				CLANG_CXX_LANGUAGE_STANDARD = "gnu++17";
				CLANG_ENABLE_MODULES = YES;
				CODE_SIGN_IDENTITY = "";
				CODE_SIGN_STYLE = Automatic;
				INFOPLIST_FILE = "Plists/TestProjectTests-Info.plist";
				LD_RUNPATH_SEARCH_PATHS = (
					"$(inherited)",
					"@executable_path/Frameworks",
					"@loader_path/Frameworks",
				);
				PRODUCT_BUNDLE_IDENTIFIER = com.somerandomiosdev.testprojecttests;
				PRODUCT_NAME = TestProjectTests;
				SDKROOT = watchos;
				SWIFT_EMIT_LOC_STRINGS = NO;
				SWIFT_VERSION = 5.0;
				TARGETED_DEVICE_FAMILY = 4;
			};
			name = Release;
		};
		DD86D54F23D11B3E0046E63E /* Debug */ = {
			isa = XCBuildConfiguration;
			buildSettings = {
				ALWAYS_SEARCH_USER_PATHS = NO;
				CLANG_ANALYZER_NONNULL = YES;
				CLANG_ANALYZER_NUMBER_OBJECT_CONVERSION = YES_AGGRESSIVE;
				CLANG_CXX_LANGUAGE_STANDARD = "gnu++14";
				CLANG_CXX_LIBRARY = "libc++";
				CLANG_ENABLE_MODULES = YES;
				CLANG_ENABLE_OBJC_ARC = YES;
				CLANG_ENABLE_OBJC_WEAK = YES;
				CLANG_WARN_BLOCK_CAPTURE_AUTORELEASING = YES;
				CLANG_WARN_BOOL_CONVERSION = YES;
				CLANG_WARN_COMMA = YES;
				CLANG_WARN_CONSTANT_CONVERSION = YES;
				CLANG_WARN_DEPRECATED_OBJC_IMPLEMENTATIONS = YES;
				CLANG_WARN_DIRECT_OBJC_ISA_USAGE = YES_ERROR;
				CLANG_WARN_DOCUMENTATION_COMMENTS = YES;
				CLANG_WARN_EMPTY_BODY = YES;
				CLANG_WARN_ENUM_CONVERSION = YES;
				CLANG_WARN_INFINITE_RECURSION = YES;
				CLANG_WARN_INT_CONVERSION = YES;
				CLANG_WARN_NON_LITERAL_NULL_CONVERSION = YES;
				CLANG_WARN_OBJC_IMPLICIT_RETAIN_SELF = YES;
				CLANG_WARN_OBJC_LITERAL_CONVERSION = YES;
				CLANG_WARN_OBJC_ROOT_CLASS = YES_ERROR;
				CLANG_WARN_QUOTED_INCLUDE_IN_FRAMEWORK_HEADER = YES;
				CLANG_WARN_RANGE_LOOP_ANALYSIS = YES;
				CLANG_WARN_STRICT_PROTOTYPES = YES;
				CLANG_WARN_SUSPICIOUS_MOVE = YES;
				CLANG_WARN_UNGUARDED_AVAILABILITY = YES_AGGRESSIVE;
				CLANG_WARN_UNREACHABLE_CODE = YES;
				CLANG_WARN__DUPLICATE_METHOD_MATCH = YES;
				CODE_SIGN_IDENTITY = "iPhone Developer";
				COPY_PHASE_STRIP = NO;
				CURRENT_PROJECT_VERSION = 1;
				DEBUG_INFORMATION_FORMAT = dwarf;
				ENABLE_STRICT_OBJC_MSGSEND = YES;
				ENABLE_TESTABILITY = YES;
				GCC_C_LANGUAGE_STANDARD = gnu11;
				GCC_DYNAMIC_NO_PIC = NO;
				GCC_NO_COMMON_BLOCKS = YES;
				GCC_OPTIMIZATION_LEVEL = 0;
				GCC_PREPROCESSOR_DEFINITIONS = (
					"DEBUG=1",
					"$(inherited)",
				);
				GCC_WARN_64_TO_32_BIT_CONVERSION = YES;
				GCC_WARN_ABOUT_RETURN_TYPE = YES_ERROR;
				GCC_WARN_UNDECLARED_SELECTOR = YES;
				GCC_WARN_UNINITIALIZED_AUTOS = YES_AGGRESSIVE;
				GCC_WARN_UNUSED_FUNCTION = YES;
				GCC_WARN_UNUSED_VARIABLE = YES;
				IPHONEOS_DEPLOYMENT_TARGET = 9.0;
				MACOSX_DEPLOYMENT_TARGET = 10.10;
				MTL_ENABLE_DEBUG_INFO = INCLUDE_SOURCE;
				MTL_FAST_MATH = YES;
				ONLY_ACTIVE_ARCH = YES;
				SDKROOT = iphoneos;
				SWIFT_ACTIVE_COMPILATION_CONDITIONS = DEBUG;
				SWIFT_OPTIMIZATION_LEVEL = "-Onone";
				SWIFT_VERSION = 5.0;
				TVOS_DEPLOYMENT_TARGET = 9.0;
				VERSIONING_SYSTEM = "apple-generic";
				VERSION_INFO_PREFIX = "";
				WATCHOS_DEPLOYMENT_TARGET = 2.0;
			};
			name = Debug;
		};
		DD86D55023D11B3E0046E63E /* Release */ = {
			isa = XCBuildConfiguration;
			buildSettings = {
				ALWAYS_SEARCH_USER_PATHS = NO;
				CLANG_ANALYZER_NONNULL = YES;
				CLANG_ANALYZER_NUMBER_OBJECT_CONVERSION = YES_AGGRESSIVE;
				CLANG_CXX_LANGUAGE_STANDARD = "gnu++14";
				CLANG_CXX_LIBRARY = "libc++";
				CLANG_ENABLE_MODULES = YES;
				CLANG_ENABLE_OBJC_ARC = YES;
				CLANG_ENABLE_OBJC_WEAK = YES;
				CLANG_WARN_BLOCK_CAPTURE_AUTORELEASING = YES;
				CLANG_WARN_BOOL_CONVERSION = YES;
				CLANG_WARN_COMMA = YES;
				CLANG_WARN_CONSTANT_CONVERSION = YES;
				CLANG_WARN_DEPRECATED_OBJC_IMPLEMENTATIONS = YES;
				CLANG_WARN_DIRECT_OBJC_ISA_USAGE = YES_ERROR;
				CLANG_WARN_DOCUMENTATION_COMMENTS = YES;
				CLANG_WARN_EMPTY_BODY = YES;
				CLANG_WARN_ENUM_CONVERSION = YES;
				CLANG_WARN_INFINITE_RECURSION = YES;
				CLANG_WARN_INT_CONVERSION = YES;
				CLANG_WARN_NON_LITERAL_NULL_CONVERSION = YES;
				CLANG_WARN_OBJC_IMPLICIT_RETAIN_SELF = YES;
				CLANG_WARN_OBJC_LITERAL_CONVERSION = YES;
				CLANG_WARN_OBJC_ROOT_CLASS = YES_ERROR;
				CLANG_WARN_QUOTED_INCLUDE_IN_FRAMEWORK_HEADER = YES;
				CLANG_WARN_RANGE_LOOP_ANALYSIS = YES;
				CLANG_WARN_STRICT_PROTOTYPES = YES;
				CLANG_WARN_SUSPICIOUS_MOVE = YES;
				CLANG_WARN_UNGUARDED_AVAILABILITY = YES_AGGRESSIVE;
				CLANG_WARN_UNREACHABLE_CODE = YES;
				CLANG_WARN__DUPLICATE_METHOD_MATCH = YES;
				CODE_SIGN_IDENTITY = "iPhone Developer";
				COPY_PHASE_STRIP = NO;
				CURRENT_PROJECT_VERSION = 1;
				DEBUG_INFORMATION_FORMAT = "dwarf-with-dsym";
				ENABLE_NS_ASSERTIONS = NO;
				ENABLE_STRICT_OBJC_MSGSEND = YES;
				GCC_C_LANGUAGE_STANDARD = gnu11;
				GCC_NO_COMMON_BLOCKS = YES;
				GCC_WARN_64_TO_32_BIT_CONVERSION = YES;
				GCC_WARN_ABOUT_RETURN_TYPE = YES_ERROR;
				GCC_WARN_UNDECLARED_SELECTOR = YES;
				GCC_WARN_UNINITIALIZED_AUTOS = YES_AGGRESSIVE;
				GCC_WARN_UNUSED_FUNCTION = YES;
				GCC_WARN_UNUSED_VARIABLE = YES;
				IPHONEOS_DEPLOYMENT_TARGET = 9.0;
				MACOSX_DEPLOYMENT_TARGET = 10.10;
				MTL_ENABLE_DEBUG_INFO = NO;
				MTL_FAST_MATH = YES;
				SDKROOT = iphoneos;
				SWIFT_COMPILATION_MODE = wholemodule;
				SWIFT_OPTIMIZATION_LEVEL = "-O";
				SWIFT_VERSION = 5.0;
				TVOS_DEPLOYMENT_TARGET = 9.0;
				VALIDATE_PRODUCT = YES;
				VERSIONING_SYSTEM = "apple-generic";
				VERSION_INFO_PREFIX = "";
				WATCHOS_DEPLOYMENT_TARGET = 2.0;
			};
			name = Release;
		};
		DD86D55223D11B3E0046E63E /* Debug */ = {
			isa = XCBuildConfiguration;
			buildSettings = {
				CLANG_ENABLE_MODULES = YES;
				CODE_SIGN_IDENTITY = "";
				CODE_SIGN_STYLE = Automatic;
				DEFINES_MODULE = YES;
				DYLIB_COMPATIBILITY_VERSION = 1;
				DYLIB_CURRENT_VERSION = 1;
				DYLIB_INSTALL_NAME_BASE = "@rpath";
				INFOPLIST_FILE = "Plists/ReadWriteLock-Info.plist";
				INSTALL_PATH = "$(LOCAL_LIBRARY_DIR)/Frameworks";
				LD_RUNPATH_SEARCH_PATHS = (
					"$(inherited)",
					"@executable_path/Frameworks",
					"@loader_path/Frameworks",
				);
				PRODUCT_BUNDLE_IDENTIFIER = com.somerandomiosdev.readwritelock;
				PRODUCT_NAME = ReadWriteLock;
				SKIP_INSTALL = YES;
				SWIFT_OPTIMIZATION_LEVEL = "-Onone";
				SWIFT_VERSION = 5.0;
				TARGETED_DEVICE_FAMILY = "1,2,6";
			};
			name = Debug;
		};
		DD86D55323D11B3E0046E63E /* Release */ = {
			isa = XCBuildConfiguration;
			buildSettings = {
				CLANG_ENABLE_MODULES = YES;
				CODE_SIGN_IDENTITY = "";
				CODE_SIGN_STYLE = Automatic;
				DEFINES_MODULE = YES;
				DYLIB_COMPATIBILITY_VERSION = 1;
				DYLIB_CURRENT_VERSION = 1;
				DYLIB_INSTALL_NAME_BASE = "@rpath";
				INFOPLIST_FILE = "Plists/ReadWriteLock-Info.plist";
				INSTALL_PATH = "$(LOCAL_LIBRARY_DIR)/Frameworks";
				LD_RUNPATH_SEARCH_PATHS = (
					"$(inherited)",
					"@executable_path/Frameworks",
					"@loader_path/Frameworks",
				);
				PRODUCT_BUNDLE_IDENTIFIER = com.somerandomiosdev.readwritelock;
				PRODUCT_NAME = ReadWriteLock;
				SKIP_INSTALL = YES;
				SWIFT_VERSION = 5.0;
				TARGETED_DEVICE_FAMILY = "1,2,6";
			};
			name = Release;
		};
		DD86D55523D11B3E0046E63E /* Debug */ = {
			isa = XCBuildConfiguration;
			buildSettings = {
				ALWAYS_EMBED_SWIFT_STANDARD_LIBRARIES = YES;
				CLANG_ENABLE_MODULES = YES;
				CODE_SIGN_IDENTITY = "";
				CODE_SIGN_STYLE = Automatic;
				INFOPLIST_FILE = "Plists/ReadWriteLockTests-Info.plist";
				LD_RUNPATH_SEARCH_PATHS = (
					"$(inherited)",
					"@executable_path/Frameworks",
					"@loader_path/Frameworks",
				);
				PRODUCT_BUNDLE_IDENTIFIER = com.somerandomiosdev.readwritelocktests;
				PRODUCT_NAME = ReadWriteLockTests;
				SWIFT_OPTIMIZATION_LEVEL = "-Onone";
				SWIFT_VERSION = 5.0;
				TARGETED_DEVICE_FAMILY = "1,2,6";
			};
			name = Debug;
		};
		DD86D55623D11B3E0046E63E /* Release */ = {
			isa = XCBuildConfiguration;
			buildSettings = {
				ALWAYS_EMBED_SWIFT_STANDARD_LIBRARIES = YES;
				CLANG_ENABLE_MODULES = YES;
				CODE_SIGN_IDENTITY = "";
				CODE_SIGN_STYLE = Automatic;
				INFOPLIST_FILE = "Plists/ReadWriteLockTests-Info.plist";
				LD_RUNPATH_SEARCH_PATHS = (
					"$(inherited)",
					"@executable_path/Frameworks",
					"@loader_path/Frameworks",
				);
				PRODUCT_BUNDLE_IDENTIFIER = com.somerandomiosdev.readwritelocktests;
				PRODUCT_NAME = ReadWriteLockTests;
				SWIFT_VERSION = 5.0;
				TARGETED_DEVICE_FAMILY = "1,2,6";
			};
			name = Release;
		};
		DD86D56623D11C4B0046E63E /* Debug */ = {
			isa = XCBuildConfiguration;
			buildSettings = {
				CODE_SIGN_STYLE = Automatic;
				PRODUCT_NAME = "$(TARGET_NAME)";
			};
			name = Debug;
		};
		DD86D56723D11C4B0046E63E /* Release */ = {
			isa = XCBuildConfiguration;
			buildSettings = {
				CODE_SIGN_STYLE = Automatic;
				PRODUCT_NAME = "$(TARGET_NAME)";
			};
			name = Release;
		};
		DD86D58223D11C870046E63E /* Debug */ = {
			isa = XCBuildConfiguration;
			buildSettings = {
				CLANG_ENABLE_MODULES = YES;
				CODE_SIGN_IDENTITY = "-";
				CODE_SIGN_STYLE = Automatic;
				COMBINE_HIDPI_IMAGES = YES;
				DEFINES_MODULE = YES;
				DYLIB_COMPATIBILITY_VERSION = 1;
				DYLIB_CURRENT_VERSION = 1;
				DYLIB_INSTALL_NAME_BASE = "@rpath";
				INFOPLIST_FILE = "Plists/ReadWriteLock-Info.plist";
				INSTALL_PATH = "$(LOCAL_LIBRARY_DIR)/Frameworks";
				LD_RUNPATH_SEARCH_PATHS = (
					"$(inherited)",
					"@executable_path/../Frameworks",
					"@loader_path/Frameworks",
				);
				PRODUCT_BUNDLE_IDENTIFIER = com.somerandomiosdev.readwritelock;
				PRODUCT_NAME = ReadWriteLock;
				SDKROOT = macosx;
				SKIP_INSTALL = YES;
				SWIFT_OPTIMIZATION_LEVEL = "-Onone";
				SWIFT_VERSION = 5.0;
			};
			name = Debug;
		};
		DD86D58323D11C870046E63E /* Release */ = {
			isa = XCBuildConfiguration;
			buildSettings = {
				CLANG_ENABLE_MODULES = YES;
				CODE_SIGN_IDENTITY = "-";
				CODE_SIGN_STYLE = Automatic;
				COMBINE_HIDPI_IMAGES = YES;
				DEFINES_MODULE = YES;
				DYLIB_COMPATIBILITY_VERSION = 1;
				DYLIB_CURRENT_VERSION = 1;
				DYLIB_INSTALL_NAME_BASE = "@rpath";
				INFOPLIST_FILE = "Plists/ReadWriteLock-Info.plist";
				INSTALL_PATH = "$(LOCAL_LIBRARY_DIR)/Frameworks";
				LD_RUNPATH_SEARCH_PATHS = (
					"$(inherited)",
					"@executable_path/../Frameworks",
					"@loader_path/Frameworks",
				);
				PRODUCT_BUNDLE_IDENTIFIER = com.somerandomiosdev.readwritelock;
				PRODUCT_NAME = ReadWriteLock;
				SDKROOT = macosx;
				SKIP_INSTALL = YES;
				SWIFT_VERSION = 5.0;
			};
			name = Release;
		};
		DD86D58523D11C870046E63E /* Debug */ = {
			isa = XCBuildConfiguration;
			buildSettings = {
				ALWAYS_EMBED_SWIFT_STANDARD_LIBRARIES = YES;
				CLANG_ENABLE_MODULES = YES;
				CODE_SIGN_IDENTITY = "-";
				CODE_SIGN_STYLE = Automatic;
				COMBINE_HIDPI_IMAGES = YES;
				INFOPLIST_FILE = "Plists/ReadWriteLockTests-Info.plist";
				LD_RUNPATH_SEARCH_PATHS = (
					"$(inherited)",
					"@executable_path/../Frameworks",
					"@loader_path/../Frameworks",
				);
				PRODUCT_BUNDLE_IDENTIFIER = com.somerandomiosdev.readwritelocktests;
				PRODUCT_NAME = ReadWriteLockTests;
				SDKROOT = macosx;
				SWIFT_OPTIMIZATION_LEVEL = "-Onone";
				SWIFT_VERSION = 5.0;
			};
			name = Debug;
		};
		DD86D58623D11C870046E63E /* Release */ = {
			isa = XCBuildConfiguration;
			buildSettings = {
				ALWAYS_EMBED_SWIFT_STANDARD_LIBRARIES = YES;
				CLANG_ENABLE_MODULES = YES;
				CODE_SIGN_IDENTITY = "-";
				CODE_SIGN_STYLE = Automatic;
				COMBINE_HIDPI_IMAGES = YES;
				INFOPLIST_FILE = "Plists/ReadWriteLockTests-Info.plist";
				LD_RUNPATH_SEARCH_PATHS = (
					"$(inherited)",
					"@executable_path/../Frameworks",
					"@loader_path/../Frameworks",
				);
				PRODUCT_BUNDLE_IDENTIFIER = com.somerandomiosdev.readwritelocktests;
				PRODUCT_NAME = ReadWriteLockTests;
				SDKROOT = macosx;
				SWIFT_VERSION = 5.0;
			};
			name = Release;
		};
		DD86D59E23D11CA00046E63E /* Debug */ = {
			isa = XCBuildConfiguration;
			buildSettings = {
				CLANG_ENABLE_MODULES = YES;
				CODE_SIGN_IDENTITY = "";
				CODE_SIGN_STYLE = Automatic;
				DEFINES_MODULE = YES;
				DYLIB_COMPATIBILITY_VERSION = 1;
				DYLIB_CURRENT_VERSION = 1;
				DYLIB_INSTALL_NAME_BASE = "@rpath";
				INFOPLIST_FILE = "Plists/ReadWriteLock-Info.plist";
				INSTALL_PATH = "$(LOCAL_LIBRARY_DIR)/Frameworks";
				LD_RUNPATH_SEARCH_PATHS = (
					"$(inherited)",
					"@executable_path/Frameworks",
					"@loader_path/Frameworks",
				);
				PRODUCT_BUNDLE_IDENTIFIER = com.somerandomiosdev.readwritelock;
				PRODUCT_NAME = ReadWriteLock;
				SDKROOT = appletvos;
				SKIP_INSTALL = YES;
				SWIFT_OPTIMIZATION_LEVEL = "-Onone";
				SWIFT_VERSION = 5.0;
				TARGETED_DEVICE_FAMILY = 3;
			};
			name = Debug;
		};
		DD86D59F23D11CA00046E63E /* Release */ = {
			isa = XCBuildConfiguration;
			buildSettings = {
				CLANG_ENABLE_MODULES = YES;
				CODE_SIGN_IDENTITY = "";
				CODE_SIGN_STYLE = Automatic;
				DEFINES_MODULE = YES;
				DYLIB_COMPATIBILITY_VERSION = 1;
				DYLIB_CURRENT_VERSION = 1;
				DYLIB_INSTALL_NAME_BASE = "@rpath";
				INFOPLIST_FILE = "Plists/ReadWriteLock-Info.plist";
				INSTALL_PATH = "$(LOCAL_LIBRARY_DIR)/Frameworks";
				LD_RUNPATH_SEARCH_PATHS = (
					"$(inherited)",
					"@executable_path/Frameworks",
					"@loader_path/Frameworks",
				);
				PRODUCT_BUNDLE_IDENTIFIER = com.somerandomiosdev.readwritelock;
				PRODUCT_NAME = ReadWriteLock;
				SDKROOT = appletvos;
				SKIP_INSTALL = YES;
				SWIFT_VERSION = 5.0;
				TARGETED_DEVICE_FAMILY = 3;
			};
			name = Release;
		};
		DD86D5A123D11CA00046E63E /* Debug */ = {
			isa = XCBuildConfiguration;
			buildSettings = {
				ALWAYS_EMBED_SWIFT_STANDARD_LIBRARIES = YES;
				CLANG_ENABLE_MODULES = YES;
				CODE_SIGN_IDENTITY = "";
				CODE_SIGN_STYLE = Automatic;
				INFOPLIST_FILE = "Plists/ReadWriteLockTests-Info.plist";
				LD_RUNPATH_SEARCH_PATHS = (
					"$(inherited)",
					"@executable_path/Frameworks",
					"@loader_path/Frameworks",
				);
				PRODUCT_BUNDLE_IDENTIFIER = com.somerandomiosdev.readwritelocktests;
				PRODUCT_NAME = ReadWriteLockTests;
				SDKROOT = appletvos;
				SWIFT_OPTIMIZATION_LEVEL = "-Onone";
				SWIFT_VERSION = 5.0;
				TARGETED_DEVICE_FAMILY = 3;
			};
			name = Debug;
		};
		DD86D5A223D11CA00046E63E /* Release */ = {
			isa = XCBuildConfiguration;
			buildSettings = {
				ALWAYS_EMBED_SWIFT_STANDARD_LIBRARIES = YES;
				CLANG_ENABLE_MODULES = YES;
				CODE_SIGN_IDENTITY = "";
				CODE_SIGN_STYLE = Automatic;
				INFOPLIST_FILE = "Plists/ReadWriteLockTests-Info.plist";
				LD_RUNPATH_SEARCH_PATHS = (
					"$(inherited)",
					"@executable_path/Frameworks",
					"@loader_path/Frameworks",
				);
				PRODUCT_BUNDLE_IDENTIFIER = com.somerandomiosdev.readwritelocktests;
				PRODUCT_NAME = ReadWriteLockTests;
				SDKROOT = appletvos;
				SWIFT_VERSION = 5.0;
				TARGETED_DEVICE_FAMILY = 3;
			};
			name = Release;
		};
		DD86D5CA23D11D140046E63E /* Debug */ = {
			isa = XCBuildConfiguration;
			buildSettings = {
				APPLICATION_EXTENSION_API_ONLY = YES;
				CLANG_ENABLE_MODULES = YES;
				CODE_SIGN_IDENTITY = "";
				CODE_SIGN_STYLE = Automatic;
				DEFINES_MODULE = YES;
				DYLIB_COMPATIBILITY_VERSION = 1;
				DYLIB_CURRENT_VERSION = 1;
				DYLIB_INSTALL_NAME_BASE = "@rpath";
				INFOPLIST_FILE = "Plists/ReadWriteLock-Info.plist";
				INSTALL_PATH = "$(LOCAL_LIBRARY_DIR)/Frameworks";
				LD_RUNPATH_SEARCH_PATHS = (
					"$(inherited)",
					"@executable_path/Frameworks",
					"@loader_path/Frameworks",
				);
				PRODUCT_BUNDLE_IDENTIFIER = com.somerandomiosdev.readwritelock;
				PRODUCT_NAME = ReadWriteLock;
				SDKROOT = watchos;
				SKIP_INSTALL = YES;
				SWIFT_OPTIMIZATION_LEVEL = "-Onone";
				SWIFT_VERSION = 5.0;
				TARGETED_DEVICE_FAMILY = 4;
			};
			name = Debug;
		};
		DD86D5CB23D11D140046E63E /* Release */ = {
			isa = XCBuildConfiguration;
			buildSettings = {
				APPLICATION_EXTENSION_API_ONLY = YES;
				CLANG_ENABLE_MODULES = YES;
				CODE_SIGN_IDENTITY = "";
				CODE_SIGN_STYLE = Automatic;
				DEFINES_MODULE = YES;
				DYLIB_COMPATIBILITY_VERSION = 1;
				DYLIB_CURRENT_VERSION = 1;
				DYLIB_INSTALL_NAME_BASE = "@rpath";
				INFOPLIST_FILE = "Plists/ReadWriteLock-Info.plist";
				INSTALL_PATH = "$(LOCAL_LIBRARY_DIR)/Frameworks";
				LD_RUNPATH_SEARCH_PATHS = (
					"$(inherited)",
					"@executable_path/Frameworks",
					"@loader_path/Frameworks",
				);
				PRODUCT_BUNDLE_IDENTIFIER = com.somerandomiosdev.readwritelock;
				PRODUCT_NAME = ReadWriteLock;
				SDKROOT = watchos;
				SKIP_INSTALL = YES;
				SWIFT_VERSION = 5.0;
				TARGETED_DEVICE_FAMILY = 4;
			};
			name = Release;
		};
/* End XCBuildConfiguration section */

/* Begin XCConfigurationList section */
		DD2FBC2A258BE8BB00DB3211 /* Build configuration list for PBXAggregateTarget "XCFramework" */ = {
			isa = XCConfigurationList;
			buildConfigurations = (
				DD2FBC28258BE8BB00DB3211 /* Debug */,
				DD2FBC29258BE8BB00DB3211 /* Release */,
			);
			defaultConfigurationIsVisible = 0;
			defaultConfigurationName = Release;
		};
		DD48BC9D270E0DE800D842BC /* Build configuration list for PBXNativeTarget "ReadWriteLock watchOS Tests" */ = {
			isa = XCConfigurationList;
			buildConfigurations = (
				DD48BC9B270E0DE800D842BC /* Debug */,
				DD48BC9C270E0DE800D842BC /* Release */,
			);
			defaultConfigurationIsVisible = 0;
			defaultConfigurationName = Release;
		};
		DD86D53723D11B3E0046E63E /* Build configuration list for PBXProject "ReadWriteLock" */ = {
			isa = XCConfigurationList;
			buildConfigurations = (
				DD86D54F23D11B3E0046E63E /* Debug */,
				DD86D55023D11B3E0046E63E /* Release */,
			);
			defaultConfigurationIsVisible = 0;
			defaultConfigurationName = Release;
		};
		DD86D55123D11B3E0046E63E /* Build configuration list for PBXNativeTarget "ReadWriteLock" */ = {
			isa = XCConfigurationList;
			buildConfigurations = (
				DD86D55223D11B3E0046E63E /* Debug */,
				DD86D55323D11B3E0046E63E /* Release */,
			);
			defaultConfigurationIsVisible = 0;
			defaultConfigurationName = Release;
		};
		DD86D55423D11B3E0046E63E /* Build configuration list for PBXNativeTarget "ReadWriteLockTests" */ = {
			isa = XCConfigurationList;
			buildConfigurations = (
				DD86D55523D11B3E0046E63E /* Debug */,
				DD86D55623D11B3E0046E63E /* Release */,
			);
			defaultConfigurationIsVisible = 0;
			defaultConfigurationName = Release;
		};
		DD86D56523D11C4B0046E63E /* Build configuration list for PBXAggregateTarget "Run SwiftLint" */ = {
			isa = XCConfigurationList;
			buildConfigurations = (
				DD86D56623D11C4B0046E63E /* Debug */,
				DD86D56723D11C4B0046E63E /* Release */,
			);
			defaultConfigurationIsVisible = 0;
			defaultConfigurationName = Release;
		};
		DD86D58123D11C870046E63E /* Build configuration list for PBXNativeTarget "ReadWriteLock macOS" */ = {
			isa = XCConfigurationList;
			buildConfigurations = (
				DD86D58223D11C870046E63E /* Debug */,
				DD86D58323D11C870046E63E /* Release */,
			);
			defaultConfigurationIsVisible = 0;
			defaultConfigurationName = Release;
		};
		DD86D58423D11C870046E63E /* Build configuration list for PBXNativeTarget "ReadWriteLock macOS Tests" */ = {
			isa = XCConfigurationList;
			buildConfigurations = (
				DD86D58523D11C870046E63E /* Debug */,
				DD86D58623D11C870046E63E /* Release */,
			);
			defaultConfigurationIsVisible = 0;
			defaultConfigurationName = Release;
		};
		DD86D59D23D11CA00046E63E /* Build configuration list for PBXNativeTarget "ReadWriteLock tvOS" */ = {
			isa = XCConfigurationList;
			buildConfigurations = (
				DD86D59E23D11CA00046E63E /* Debug */,
				DD86D59F23D11CA00046E63E /* Release */,
			);
			defaultConfigurationIsVisible = 0;
			defaultConfigurationName = Release;
		};
		DD86D5A023D11CA00046E63E /* Build configuration list for PBXNativeTarget "ReadWriteLock tvOS Tests" */ = {
			isa = XCConfigurationList;
			buildConfigurations = (
				DD86D5A123D11CA00046E63E /* Debug */,
				DD86D5A223D11CA00046E63E /* Release */,
			);
			defaultConfigurationIsVisible = 0;
			defaultConfigurationName = Release;
		};
		DD86D5C923D11D140046E63E /* Build configuration list for PBXNativeTarget "ReadWriteLock watchOS" */ = {
			isa = XCConfigurationList;
			buildConfigurations = (
				DD86D5CA23D11D140046E63E /* Debug */,
				DD86D5CB23D11D140046E63E /* Release */,
			);
			defaultConfigurationIsVisible = 0;
			defaultConfigurationName = Release;
		};
/* End XCConfigurationList section */
	};
	rootObject = DD86D53423D11B3E0046E63E /* Project object */;
}
